
Microsoft Visual Studio Solution File, Format Version 12.00
# Visual Studio 15
VisualStudioVersion = 15.0.28307.489
MinimumVisualStudioVersion = 10.0.40219.1
Project("{8BC9CEB8-8B4A-11D0-8D11-00A0C91BC942}") = "Project1", "Project1\Project1.vcxproj", "{C7CE4B9C-D63C-4718-B4CB-7FFFC46A123E}"
EndProject
Project("{8BC9CEB8-8B4A-11D0-8D11-00A0C91BC942}") = "graphics1", "graphics1\graphics1.vcxproj", "{CE889AC6-9EBF-4825-8D8E-4FBFA2545558}"
EndProject
Project("{8BC9CEB8-8B4A-11D0-8D11-00A0C91BC942}") = "Project2", "Project2\Project2.vcxproj", "{AE663A52-AD26-4C68-B939-87E40E786FA9}"
EndProject
Global
	GlobalSection(SolutionConfigurationPlatforms) = preSolution
		Debug|x64 = Debug|x64
		Debug|x86 = Debug|x86
		Release|x64 = Release|x64
		Release|x86 = Release|x86
	EndGlobalSection
	GlobalSection(ProjectConfigurationPlatforms) = postSolution
		{C7CE4B9C-D63C-4718-B4CB-7FFFC46A123E}.Debug|x64.ActiveCfg = Debug|x64
		{C7CE4B9C-D63C-4718-B4CB-7FFFC46A123E}.Debug|x64.Build.0 = Debug|x64
		{C7CE4B9C-D63C-4718-B4CB-7FFFC46A123E}.Debug|x86.ActiveCfg = Debug|Win32
		{C7CE4B9C-D63C-4718-B4CB-7FFFC46A123E}.Debug|x86.Build.0 = Debug|Win32
		{C7CE4B9C-D63C-4718-B4CB-7FFFC46A123E}.Release|x64.ActiveCfg = Release|x64
		{C7CE4B9C-D63C-4718-B4CB-7FFFC46A123E}.Release|x64.Build.0 = Release|x64
		{C7CE4B9C-D63C-4718-B4CB-7FFFC46A123E}.Release|x86.ActiveCfg = Release|Win32
		{C7CE4B9C-D63C-4718-B4CB-7FFFC46A123E}.Release|x86.Build.0 = Release|Win32
		{CE889AC6-9EBF-4825-8D8E-4FBFA2545558}.Debug|x64.ActiveCfg = Debug|x64
		{CE889AC6-9EBF-4825-8D8E-4FBFA2545558}.Debug|x64.Build.0 = Debug|x64
		{CE889AC6-9EBF-4825-8D8E-4FBFA2545558}.Debug|x86.ActiveCfg = Debug|Win32
		{CE889AC6-9EBF-4825-8D8E-4FBFA2545558}.Debug|x86.Build.0 = Debug|Win32
		{CE889AC6-9EBF-4825-8D8E-4FBFA2545558}.Release|x64.ActiveCfg = Release|x64
		{CE889AC6-9EBF-4825-8D8E-4FBFA2545558}.Release|x64.Build.0 = Release|x64
		{CE889AC6-9EBF-4825-8D8E-4FBFA2545558}.Release|x86.ActiveCfg = Release|Win32
		{CE889AC6-9EBF-4825-8D8E-4FBFA2545558}.Release|x86.Build.0 = Release|Win32
		{AE663A52-AD26-4C68-B939-87E40E786FA9}.Debug|x64.ActiveCfg = Debug|x64
		{AE663A52-AD26-4C68-B939-87E40E786FA9}.Debug|x64.Build.0 = Debug|x64
		{AE663A52-AD26-4C68-B939-87E40E786FA9}.Debug|x86.ActiveCfg = Debug|Win32
		{AE663A52-AD26-4C68-B939-87E40E786FA9}.Debug|x86.Build.0 = Debug|Win32
		{AE663A52-AD26-4C68-B939-87E40E786FA9}.Release|x64.ActiveCfg = Release|x64
		{AE663A52-AD26-4C68-B939-87E40E786FA9}.Release|x64.Build.0 = Release|x64
		{AE663A52-AD26-4C68-B939-87E40E786FA9}.Release|x86.ActiveCfg = Release|Win32
		{AE663A52-AD26-4C68-B939-87E40E786FA9}.Release|x86.Build.0 = Release|Win32
	EndGlobalSection
	GlobalSection(SolutionProperties) = preSolution
		HideSolutionNode = FALSE
	EndGlobalSection
	GlobalSection(ExtensibilityGlobals) = postSolution
		SolutionGuid = {EF3DD0AC-7230-4B76-AEA9-C3EC740FE087}
	EndGlobalSection
EndGlobal
