
Microsoft Visual Studio Solution File, Format Version 12.00
# Visual Studio 15
VisualStudioVersion = 15.0.28307.489
MinimumVisualStudioVersion = 10.0.40219.1
Project("{8BC9CEB8-8B4A-11D0-8D11-00A0C91BC942}") = "graphics1", "graphics1\graphics1.vcxproj", "{CE889AC6-9EBF-4825-8D8E-4FBFA2545558}"
EndProject
Project("{8BC9CEB8-8B4A-11D0-8D11-00A0C91BC942}") = "reshape Function", "reshape Function\reshape Function.vcxproj", "{8EADC9BB-FDDB-474B-BD3F-CCDFFEE2585B}"
EndProject
Project("{8BC9CEB8-8B4A-11D0-8D11-00A0C91BC942}") = "Demo1", "Demo1\Demo1.vcxproj", "{4B698905-C543-415C-9CFA-8B76C335FA43}"
EndProject
Project("{8BC9CEB8-8B4A-11D0-8D11-00A0C91BC942}") = "Demo2", "Demo2\Demo2.vcxproj", "{40BF55D8-5B65-461E-B4B5-C523E2822566}"
EndProject
Project("{8BC9CEB8-8B4A-11D0-8D11-00A0C91BC942}") = "LineChartDataPlot", "LineChartDataPlot\LineChartDataPlot.vcxproj", "{B45B153D-AD84-4F36-ACC4-1E1B97566DA7}"
EndProject
Global
	GlobalSection(SolutionConfigurationPlatforms) = preSolution
		Debug|x64 = Debug|x64
		Debug|x86 = Debug|x86
		Release|x64 = Release|x64
		Release|x86 = Release|x86
	EndGlobalSection
	GlobalSection(ProjectConfigurationPlatforms) = postSolution
		{CE889AC6-9EBF-4825-8D8E-4FBFA2545558}.Debug|x64.ActiveCfg = Debug|x64
		{CE889AC6-9EBF-4825-8D8E-4FBFA2545558}.Debug|x64.Build.0 = Debug|x64
		{CE889AC6-9EBF-4825-8D8E-4FBFA2545558}.Debug|x86.ActiveCfg = Debug|Win32
		{CE889AC6-9EBF-4825-8D8E-4FBFA2545558}.Debug|x86.Build.0 = Debug|Win32
		{CE889AC6-9EBF-4825-8D8E-4FBFA2545558}.Release|x64.ActiveCfg = Release|x64
		{CE889AC6-9EBF-4825-8D8E-4FBFA2545558}.Release|x64.Build.0 = Release|x64
		{CE889AC6-9EBF-4825-8D8E-4FBFA2545558}.Release|x86.ActiveCfg = Release|Win32
		{CE889AC6-9EBF-4825-8D8E-4FBFA2545558}.Release|x86.Build.0 = Release|Win32
		{8EADC9BB-FDDB-474B-BD3F-CCDFFEE2585B}.Debug|x64.ActiveCfg = Debug|x64
		{8EADC9BB-FDDB-474B-BD3F-CCDFFEE2585B}.Debug|x64.Build.0 = Debug|x64
		{8EADC9BB-FDDB-474B-BD3F-CCDFFEE2585B}.Debug|x86.ActiveCfg = Debug|Win32
		{8EADC9BB-FDDB-474B-BD3F-CCDFFEE2585B}.Debug|x86.Build.0 = Debug|Win32
		{8EADC9BB-FDDB-474B-BD3F-CCDFFEE2585B}.Release|x64.ActiveCfg = Release|x64
		{8EADC9BB-FDDB-474B-BD3F-CCDFFEE2585B}.Release|x64.Build.0 = Release|x64
		{8EADC9BB-FDDB-474B-BD3F-CCDFFEE2585B}.Release|x86.ActiveCfg = Release|Win32
		{8EADC9BB-FDDB-474B-BD3F-CCDFFEE2585B}.Release|x86.Build.0 = Release|Win32
		{4B698905-C543-415C-9CFA-8B76C335FA43}.Debug|x64.ActiveCfg = Debug|x64
		{4B698905-C543-415C-9CFA-8B76C335FA43}.Debug|x64.Build.0 = Debug|x64
		{4B698905-C543-415C-9CFA-8B76C335FA43}.Debug|x86.ActiveCfg = Debug|Win32
		{4B698905-C543-415C-9CFA-8B76C335FA43}.Debug|x86.Build.0 = Debug|Win32
		{4B698905-C543-415C-9CFA-8B76C335FA43}.Release|x64.ActiveCfg = Release|x64
		{4B698905-C543-415C-9CFA-8B76C335FA43}.Release|x64.Build.0 = Release|x64
		{4B698905-C543-415C-9CFA-8B76C335FA43}.Release|x86.ActiveCfg = Release|Win32
		{4B698905-C543-415C-9CFA-8B76C335FA43}.Release|x86.Build.0 = Release|Win32
		{40BF55D8-5B65-461E-B4B5-C523E2822566}.Debug|x64.ActiveCfg = Debug|x64
		{40BF55D8-5B65-461E-B4B5-C523E2822566}.Debug|x64.Build.0 = Debug|x64
		{40BF55D8-5B65-461E-B4B5-C523E2822566}.Debug|x86.ActiveCfg = Debug|Win32
		{40BF55D8-5B65-461E-B4B5-C523E2822566}.Debug|x86.Build.0 = Debug|Win32
		{40BF55D8-5B65-461E-B4B5-C523E2822566}.Release|x64.ActiveCfg = Release|x64
		{40BF55D8-5B65-461E-B4B5-C523E2822566}.Release|x64.Build.0 = Release|x64
		{40BF55D8-5B65-461E-B4B5-C523E2822566}.Release|x86.ActiveCfg = Release|Win32
		{40BF55D8-5B65-461E-B4B5-C523E2822566}.Release|x86.Build.0 = Release|Win32
		{B45B153D-AD84-4F36-ACC4-1E1B97566DA7}.Debug|x64.ActiveCfg = Debug|x64
		{B45B153D-AD84-4F36-ACC4-1E1B97566DA7}.Debug|x64.Build.0 = Debug|x64
		{B45B153D-AD84-4F36-ACC4-1E1B97566DA7}.Debug|x86.ActiveCfg = Debug|Win32
		{B45B153D-AD84-4F36-ACC4-1E1B97566DA7}.Debug|x86.Build.0 = Debug|Win32
		{B45B153D-AD84-4F36-ACC4-1E1B97566DA7}.Release|x64.ActiveCfg = Release|x64
		{B45B153D-AD84-4F36-ACC4-1E1B97566DA7}.Release|x64.Build.0 = Release|x64
		{B45B153D-AD84-4F36-ACC4-1E1B97566DA7}.Release|x86.ActiveCfg = Release|Win32
		{B45B153D-AD84-4F36-ACC4-1E1B97566DA7}.Release|x86.Build.0 = Release|Win32
	EndGlobalSection
	GlobalSection(SolutionProperties) = preSolution
		HideSolutionNode = FALSE
	EndGlobalSection
	GlobalSection(ExtensibilityGlobals) = postSolution
		SolutionGuid = {EF3DD0AC-7230-4B76-AEA9-C3EC740FE087}
	EndGlobalSection
EndGlobal
